# -------------------------------------------------------------------------- #
#
# Copyright (C) 2020  Intel Corporation. All rights reserved.
# Your use of Intel Corporation's design tools, logic functions 
# and other software and tools, and any partner logic 
# functions, and any output files from any of the foregoing 
# (including device programming or simulation files), and any 
# associated documentation or information are expressly subject 
# to the terms and conditions of the Intel Program License 
# Subscription Agreement, the Intel Quartus Prime License Agreement,
# the Intel FPGA IP License Agreement, or other applicable license
# agreement, including, without limitation, that your use is for
# the sole purpose of programming logic devices manufactured by
# Intel and sold by Intel or its authorized distributors.  Please
# refer to the applicable agreement for further details, at
# https://fpgasoftware.intel.com/eula.
#
# -------------------------------------------------------------------------- #
#
# Quartus Prime
# Version 20.1.1 Build 720 11/11/2020 SJ Lite Edition
# Date created = 00:29:08  July 11, 2026
#
# -------------------------------------------------------------------------- #
#
# Notes:
#
# 1) The default values for assignments are stored in the file:
#		SingleCycleProcessor_assignment_defaults.qdf
#    If this file doesn't exist, see file:
#		assignment_defaults.qdf
#
# 2) Altera recommends that you do not modify this file. This
#    file is updated automatically by the Quartus Prime software
#    and any changes you make may be lost or overwritten.
#
# -------------------------------------------------------------------------- #


set_global_assignment -name FAMILY "Cyclone IV E"
set_global_assignment -name DEVICE EP4CE115F29C7
set_global_assignment -name TOP_LEVEL_ENTITY processor
set_global_assignment -name ORIGINAL_QUARTUS_VERSION 20.1.1
set_global_assignment -name PROJECT_CREATION_TIME_DATE "00:29:08  JULY 11, 2026"
set_global_assignment -name LAST_QUARTUS_VERSION "20.1.1 Lite Edition"
set_global_assignment -name PROJECT_OUTPUT_DIRECTORY output_files
set_global_assignment -name MIN_CORE_JUNCTION_TEMP 0
set_global_assignment -name MAX_CORE_JUNCTION_TEMP 85
set_global_assignment -name ERROR_CHECK_FREQUENCY_DIVISOR 1
set_global_assignment -name NOMINAL_CORE_SUPPLY_VOLTAGE 1.2V
set_global_assignment -name EDA_SIMULATION_TOOL "ModelSim (VHDL)"
set_global_assignment -name EDA_TIME_SCALE "1 ps" -section_id eda_simulation
set_global_assignment -name EDA_OUTPUT_DATA_FORMAT VHDL -section_id eda_simulation
set_global_assignment -name EDA_GENERATE_FUNCTIONAL_NETLIST OFF -section_id eda_board_design_timing
set_global_assignment -name EDA_GENERATE_FUNCTIONAL_NETLIST OFF -section_id eda_board_design_symbol
set_global_assignment -name EDA_GENERATE_FUNCTIONAL_NETLIST OFF -section_id eda_board_design_signal_integrity
set_global_assignment -name EDA_GENERATE_FUNCTIONAL_NETLIST OFF -section_id eda_board_design_boundary_scan
set_global_assignment -name MIF_FILE IR_memory.mif
set_global_assignment -name MIF_FILE DR_memory.mif
set_global_assignment -name VHDL_FILE IM_ROM.vhd
set_global_assignment -name POWER_PRESET_COOLING_SOLUTION "23 MM HEAT SINK WITH 200 LFPM AIRFLOW"
set_global_assignment -name POWER_BOARD_THERMAL_MODEL "NONE (CONSERVATIVE)"
set_global_assignment -name VHDL_FILE IM_ROM_tb.vhd
set_global_assignment -name EDA_TEST_BENCH_ENABLE_STATUS TEST_BENCH_MODE -section_id eda_simulation
set_global_assignment -name EDA_NATIVELINK_SIMULATION_TEST_BENCH processor_tb -section_id eda_simulation
set_global_assignment -name EDA_TEST_BENCH_NAME IM_ROM_tb -section_id eda_simulation
set_global_assignment -name EDA_DESIGN_INSTANCE_NAME NA -section_id IM_ROM_tb
set_global_assignment -name EDA_TEST_BENCH_MODULE_NAME IM_ROM_tb -section_id IM_ROM_tb
set_global_assignment -name VHDL_FILE processor.vhd
set_global_assignment -name VHDL_FILE PC.vhd
set_global_assignment -name VHDL_FILE enARdFF_2.vhd
set_global_assignment -name VHDL_FILE PC_TB.vhd
set_global_assignment -name EDA_TEST_BENCH_NAME PC_tb -section_id eda_simulation
set_global_assignment -name EDA_DESIGN_INSTANCE_NAME NA -section_id PC_tb
set_global_assignment -name EDA_TEST_BENCH_MODULE_NAME PC_tb -section_id PC_tb
set_global_assignment -name VHDL_FILE oneBitAdder.vhd
set_global_assignment -name VHDL_FILE adder_8bits.vhd
set_global_assignment -name VHDL_FILE adder_8bits_tb.vhd
set_global_assignment -name EDA_TEST_BENCH_NAME adder_8bits_tb -section_id eda_simulation
set_global_assignment -name EDA_DESIGN_INSTANCE_NAME NA -section_id adder_8bits_tb
set_global_assignment -name EDA_TEST_BENCH_MODULE_NAME adder_8bits_tb -section_id adder_8bits_tb
set_global_assignment -name VHDL_FILE processor_tb.vhd
set_global_assignment -name EDA_TEST_BENCH_NAME processor_tb -section_id eda_simulation
set_global_assignment -name EDA_DESIGN_INSTANCE_NAME NA -section_id processor_tb
set_global_assignment -name EDA_TEST_BENCH_MODULE_NAME processor_tb -section_id processor_tb
set_global_assignment -name VHDL_FILE Rf_Register_8bits.vhd
set_global_assignment -name VHDL_FILE Rf_Register_8bits_tb.vhd
set_global_assignment -name EDA_TEST_BENCH_NAME Rf_Register_8bits_tb -section_id eda_simulation
set_global_assignment -name EDA_DESIGN_INSTANCE_NAME NA -section_id Rf_Register_8bits_tb
set_global_assignment -name EDA_TEST_BENCH_MODULE_NAME Rf_Register_8bits_tb -section_id Rf_Register_8bits_tb
set_global_assignment -name VHDL_FILE RegisterFile.vhd
set_global_assignment -name VHDL_FILE RegisterFile_tb.vhd
set_global_assignment -name EDA_TEST_BENCH_NAME RegisterFile_tb -section_id eda_simulation
set_global_assignment -name EDA_DESIGN_INSTANCE_NAME NA -section_id RegisterFile_tb
set_global_assignment -name EDA_TEST_BENCH_MODULE_NAME RegisterFile_tb -section_id RegisterFile_tb
set_global_assignment -name VHDL_FILE Substractor_8bits.vhd
set_global_assignment -name VHDL_FILE Substractor_8bits_tb.vhd
set_global_assignment -name EDA_TEST_BENCH_NAME Substractor_8bits_tb -section_id eda_simulation
set_global_assignment -name EDA_DESIGN_INSTANCE_NAME NA -section_id Substractor_8bits_tb
set_global_assignment -name EDA_TEST_BENCH_MODULE_NAME Substractor_8bits_tb -section_id Substractor_8bits_tb
set_global_assignment -name VHDL_FILE mux_5x1.vhd
set_global_assignment -name VHDL_FILE mux_5x1_tb.vhd
set_global_assignment -name EDA_TEST_BENCH_NAME mux_5x1_tb -section_id eda_simulation
set_global_assignment -name EDA_DESIGN_INSTANCE_NAME NA -section_id mux_5x1_tb
set_global_assignment -name EDA_TEST_BENCH_MODULE_NAME mux_5x1_tb -section_id mux_5x1_tb
set_global_assignment -name VHDL_FILE ALUcontrolblock.vhd
set_global_assignment -name VHDL_FILE ALUcontrolblock_tb.vhd
set_global_assignment -name EDA_TEST_BENCH_NAME ALUcontrolblock_tb -section_id eda_simulation
set_global_assignment -name EDA_DESIGN_INSTANCE_NAME NA -section_id ALUcontrolblock_tb
set_global_assignment -name EDA_TEST_BENCH_MODULE_NAME ALUcontrolblock_tb -section_id ALUcontrolblock_tb
set_global_assignment -name VHDL_FILE oneBitComparator.vhd
set_global_assignment -name VHDL_FILE eightBitComparator.vhd
set_global_assignment -name VHDL_FILE ALU.vhd
set_global_assignment -name VHDL_FILE ALU_tb.vhd
set_global_assignment -name EDA_TEST_BENCH_NAME ALU_tb -section_id eda_simulation
set_global_assignment -name EDA_DESIGN_INSTANCE_NAME NA -section_id ALU_tb
set_global_assignment -name EDA_TEST_BENCH_MODULE_NAME ALU_tb -section_id ALU_tb
set_global_assignment -name VHDL_FILE mux_2x1_8bits.vhd
set_global_assignment -name VHDL_FILE mux_2x1_8bits_tb.vhd
set_global_assignment -name EDA_TEST_BENCH_NAME mux_2x1_8bits_tb -section_id eda_simulation
set_global_assignment -name EDA_DESIGN_INSTANCE_NAME NA -section_id mux_2x1_8bits_tb
set_global_assignment -name EDA_TEST_BENCH_MODULE_NAME mux_2x1_8bits_tb -section_id mux_2x1_8bits_tb
set_global_assignment -name VHDL_FILE DM_RAM.vhd
set_global_assignment -name VHDL_FILE DM_RAM_tb.vhd
set_global_assignment -name EDA_TEST_BENCH_NAME DM_RAM_tb -section_id eda_simulation
set_global_assignment -name EDA_DESIGN_INSTANCE_NAME NA -section_id DM_RAM_tb
set_global_assignment -name EDA_TEST_BENCH_MODULE_NAME DM_RAM_tb -section_id DM_RAM_tb
set_global_assignment -name VHDL_FILE ShiftLeft_by2.vhd
set_global_assignment -name VHDL_FILE ShiftLeft_by2_tb.vhd
set_global_assignment -name EDA_TEST_BENCH_NAME ShiftLeft_by2_tb -section_id eda_simulation
set_global_assignment -name EDA_DESIGN_INSTANCE_NAME NA -section_id ShiftLeft_by2_tb
set_global_assignment -name EDA_TEST_BENCH_MODULE_NAME ShiftLeft_by2_tb -section_id ShiftLeft_by2_tb
set_global_assignment -name VHDL_FILE ControlLogicUnit.vhd
set_global_assignment -name VHDL_FILE ControlLogicUnit_tb.vhd
set_global_assignment -name EDA_TEST_BENCH_NAME ControlLogicUnit_tb -section_id eda_simulation
set_global_assignment -name EDA_DESIGN_INSTANCE_NAME NA -section_id ControlLogicUnit_tb
set_global_assignment -name EDA_TEST_BENCH_MODULE_NAME ControlLogicUnit_tb -section_id ControlLogicUnit_tb
set_global_assignment -name VHDL_FILE mux_2x1_5bits.vhd
set_global_assignment -name VHDL_FILE mux_2x1_5bits_tb.vhd
set_global_assignment -name VHDL_FILE mux_32x1_8bits.vhd
set_global_assignment -name VHDL_FILE mux_32x1_8bits_tb.vhd
set_global_assignment -name EDA_TEST_BENCH_NAME mux_32x1_8bits_tb -section_id eda_simulation
set_global_assignment -name EDA_DESIGN_INSTANCE_NAME NA -section_id mux_32x1_8bits_tb
set_global_assignment -name EDA_TEST_BENCH_MODULE_NAME mux_32x1_8bits_tb -section_id mux_32x1_8bits_tb
set_global_assignment -name VHDL_FILE demux_1x32_8bits.vhd
set_global_assignment -name VHDL_FILE demux_1x32_8bits_tb.vhd
set_global_assignment -name VHDL_FILE test.vhd
set_global_assignment -name VHDL_FILE test_tb.vhd
set_global_assignment -name EDA_TEST_BENCH_NAME test_tb -section_id eda_simulation
set_global_assignment -name EDA_DESIGN_INSTANCE_NAME NA -section_id test_tb
set_global_assignment -name EDA_TEST_BENCH_MODULE_NAME test_tb -section_id test_tb
set_global_assignment -name EDA_TEST_BENCH_NAME reg_RAM_tb -section_id eda_simulation
set_global_assignment -name EDA_DESIGN_INSTANCE_NAME NA -section_id reg_RAM_tb
set_global_assignment -name EDA_TEST_BENCH_MODULE_NAME reg_RAM_tb -section_id reg_RAM_tb
set_global_assignment -name VHDL_FILE signExtend.vhd
set_global_assignment -name VHDL_FILE signExtend_tb.vhd
set_global_assignment -name EDA_TEST_BENCH_NAME signExtend_tb -section_id eda_simulation
set_global_assignment -name EDA_DESIGN_INSTANCE_NAME NA -section_id signExtend_tb
set_global_assignment -name EDA_TEST_BENCH_MODULE_NAME signExtend_tb -section_id signExtend_tb
set_global_assignment -name EDA_TEST_BENCH_NAME demux_1x32_8bits_tb -section_id eda_simulation
set_global_assignment -name EDA_DESIGN_INSTANCE_NAME NA -section_id demux_1x32_8bits_tb
set_global_assignment -name EDA_TEST_BENCH_MODULE_NAME demux_1x32_8bits_tb -section_id demux_1x32_8bits_tb
set_global_assignment -name VHDL_FILE threebitcounter.vhd
set_global_assignment -name EDA_TEST_BENCH_NAME d_Latch_tb -section_id eda_simulation
set_global_assignment -name EDA_DESIGN_INSTANCE_NAME NA -section_id d_Latch_tb
set_global_assignment -name EDA_TEST_BENCH_MODULE_NAME d_Latch_tb -section_id d_Latch_tb
set_global_assignment -name EDA_TEST_BENCH_NAME async_Register_32bits_tb -section_id eda_simulation
set_global_assignment -name EDA_DESIGN_INSTANCE_NAME NA -section_id async_Register_32bits_tb
set_global_assignment -name EDA_TEST_BENCH_MODULE_NAME async_Register_32bits_tb -section_id async_Register_32bits_tb
set_global_assignment -name VHDL_FILE RAM_async.vhd
set_global_assignment -name VHDL_FILE RAM_async_tb.vhd
set_global_assignment -name EDA_TEST_BENCH_NAME RAM_async_tb -section_id eda_simulation
set_global_assignment -name EDA_DESIGN_INSTANCE_NAME NA -section_id RAM_async_tb
set_global_assignment -name EDA_TEST_BENCH_MODULE_NAME RAM_async_tb -section_id RAM_async_tb
set_global_assignment -name VHDL_FILE twobitcounter.vhd
set_global_assignment -name VHDL_FILE twobitcomparator.vhd
set_global_assignment -name VHDL_FILE twobitcounter_tb.vhd
set_global_assignment -name EDA_TEST_BENCH_NAME twobitcounter_tb -section_id eda_simulation
set_global_assignment -name EDA_DESIGN_INSTANCE_NAME NA -section_id twobitcounter_tb
set_global_assignment -name EDA_TEST_BENCH_MODULE_NAME twobitcounter_tb -section_id twobitcounter_tb
set_global_assignment -name VHDL_FILE ShiftLeft_by2_28bits.vhd
set_global_assignment -name VHDL_FILE ShiftLeft_by2_28bits_tb.vhd
set_global_assignment -name EDA_TEST_BENCH_NAME ShiftLeft_by2_28bits_tb -section_id eda_simulation
set_global_assignment -name EDA_DESIGN_INSTANCE_NAME NA -section_id ShiftLeft_by2_28bits_tb
set_global_assignment -name EDA_TEST_BENCH_MODULE_NAME ShiftLeft_by2_28bits_tb -section_id ShiftLeft_by2_28bits_tb
set_global_assignment -name VHDL_FILE mux_ipt_array_type.vhd
set_global_assignment -name VHDL_FILE Register_32bits.vhd
set_global_assignment -name VHDL_FILE IF_ID.vhd
set_global_assignment -name VHDL_FILE IF_ID_tb.vhd
set_global_assignment -name EDA_TEST_BENCH_NAME IF_ID_tb -section_id eda_simulation
set_global_assignment -name EDA_DESIGN_INSTANCE_NAME NA -section_id IF_ID_tb
set_global_assignment -name EDA_TEST_BENCH_MODULE_NAME IF_ID_tb -section_id IF_ID_tb
set_global_assignment -name VHDL_FILE Register_9bits.vhd
set_global_assignment -name EDA_TEST_BENCH_NAME EX_MEM_tb -section_id eda_simulation
set_global_assignment -name EDA_DESIGN_INSTANCE_NAME NA -section_id EX_MEM_tb
set_global_assignment -name EDA_TEST_BENCH_MODULE_NAME EX_MEM_tb -section_id EX_MEM_tb
set_global_assignment -name VHDL_FILE Register_5bits.vhd
set_global_assignment -name VHDL_FILE Register_6bits.vhd
set_global_assignment -name VHDL_FILE ID_EX.vhd
set_global_assignment -name VHDL_FILE ID_EX_tb.vhd
set_global_assignment -name VHDL_FILE mux_3x1_32bits.vhd
set_global_assignment -name VHDL_FILE EX_MEM.vhd
set_global_assignment -name VHDL_FILE MEM_WB.vhd
set_global_assignment -name VHDL_FILE Register_2bits.vhd
set_global_assignment -name VHDL_FILE ForwardingUnit.vhd
set_global_assignment -name VHDL_FILE ForwardingUnit_tb.vhd
set_global_assignment -name EDA_TEST_BENCH_NAME ForwardingUnit_tb -section_id eda_simulation
set_global_assignment -name EDA_DESIGN_INSTANCE_NAME NA -section_id ForwardingUnit_tb
set_global_assignment -name EDA_TEST_BENCH_MODULE_NAME ForwardingUnit_tb -section_id ForwardingUnit_tb
set_global_assignment -name VHDL_FILE fiveBitComparator.vhd
set_global_assignment -name VHDL_FILE HazardDetectionUnit.vhd
set_global_assignment -name VHDL_FILE HazardDetectionUnit_tb.vhd
set_global_assignment -name EDA_TEST_BENCH_NAME HazardDetectionUnit_tb -section_id eda_simulation
set_global_assignment -name EDA_DESIGN_INSTANCE_NAME NA -section_id HazardDetectionUnit_tb
set_global_assignment -name EDA_TEST_BENCH_MODULE_NAME HazardDetectionUnit_tb -section_id HazardDetectionUnit_tb
set_global_assignment -name VHDL_FILE mux_2x1_9bits.vhd
set_global_assignment -name VHDL_FILE mux_2x1_6bits.vhd
set_global_assignment -name VHDL_FILE LoadUseHazard_Fix.vhd
set_global_assignment -name VHDL_FILE LoadUseHazard_Fix_tb.vhd
set_global_assignment -name EDA_TEST_BENCH_NAME LoadUseHazard_Fix_tb -section_id eda_simulation
set_global_assignment -name EDA_DESIGN_INSTANCE_NAME NA -section_id LoadUseHazard_Fix_tb
set_global_assignment -name EDA_TEST_BENCH_MODULE_NAME LoadUseHazard_Fix_tb -section_id LoadUseHazard_Fix_tb
set_global_assignment -name VHDL_FILE mux_8x1_32bits.vhd
set_global_assignment -name VHDL_FILE mux_8x1_32bits_tb.vhd
set_global_assignment -name EDA_TEST_BENCH_NAME mux_8x1_32bits_tb -section_id eda_simulation
set_global_assignment -name EDA_DESIGN_INSTANCE_NAME NA -section_id mux_8x1_32bits_tb
set_global_assignment -name EDA_TEST_BENCH_MODULE_NAME mux_8x1_32bits_tb -section_id mux_8x1_32bits_tb
set_global_assignment -name PARTITION_NETLIST_TYPE SOURCE -section_id Top
set_global_assignment -name PARTITION_FITTER_PRESERVATION_LEVEL PLACEMENT_AND_ROUTING -section_id Top
set_global_assignment -name PARTITION_COLOR 16764057 -section_id Top
set_global_assignment -name EDA_TEST_BENCH_FILE IM_ROM_tb.vhd -section_id IM_ROM_tb
set_global_assignment -name EDA_TEST_BENCH_FILE PC_TB.vhd -section_id PC_tb
set_global_assignment -name EDA_TEST_BENCH_FILE adder_8bits_tb.vhd -section_id adder_8bits_tb
set_global_assignment -name EDA_TEST_BENCH_FILE processor_tb.vhd -section_id processor_tb
set_global_assignment -name EDA_TEST_BENCH_FILE Rf_Register_8bits_tb.vhd -section_id Rf_Register_8bits_tb
set_global_assignment -name EDA_TEST_BENCH_FILE RegisterFile_tb.vhd -section_id RegisterFile_tb
set_global_assignment -name EDA_TEST_BENCH_FILE Substractor_8bits_tb.vhd -section_id Substractor_8bits_tb
set_global_assignment -name EDA_TEST_BENCH_FILE mux_5x1_tb.vhd -section_id mux_5x1_tb
set_global_assignment -name EDA_TEST_BENCH_FILE ALUcontrolblock_tb.vhd -section_id ALUcontrolblock_tb
set_global_assignment -name EDA_TEST_BENCH_FILE ALU_tb.vhd -section_id ALU_tb
set_global_assignment -name EDA_TEST_BENCH_FILE mux_2x1_8bits_tb.vhd -section_id mux_2x1_8bits_tb
set_global_assignment -name EDA_TEST_BENCH_FILE DM_RAM_tb.vhd -section_id DM_RAM_tb
set_global_assignment -name EDA_TEST_BENCH_FILE ShiftLeft_by2_tb.vhd -section_id ShiftLeft_by2_tb
set_global_assignment -name EDA_TEST_BENCH_FILE ControlLogicUnit_tb.vhd -section_id ControlLogicUnit_tb
set_global_assignment -name EDA_TEST_BENCH_FILE mux_32x1_8bits_tb.vhd -section_id mux_32x1_8bits_tb
set_global_assignment -name EDA_TEST_BENCH_FILE test_tb.vhd -section_id test_tb
set_global_assignment -name EDA_TEST_BENCH_FILE reg_RAM_tb.vhd -section_id reg_RAM_tb
set_global_assignment -name EDA_TEST_BENCH_FILE signExtend_tb.vhd -section_id signExtend_tb
set_global_assignment -name EDA_TEST_BENCH_FILE demux_1x32_8bits_tb.vhd -section_id demux_1x32_8bits_tb
set_global_assignment -name EDA_TEST_BENCH_FILE d_Latch_tb.vhd -section_id d_Latch_tb
set_global_assignment -name EDA_TEST_BENCH_FILE async_Register_32bits_tb.vhd -section_id async_Register_32bits_tb
set_global_assignment -name EDA_TEST_BENCH_FILE RAM_async_tb.vhd -section_id RAM_async_tb
set_global_assignment -name EDA_TEST_BENCH_FILE twobitcounter_tb.vhd -section_id twobitcounter_tb
set_global_assignment -name EDA_TEST_BENCH_FILE ShiftLeft_by2_28bits_tb.vhd -section_id ShiftLeft_by2_28bits_tb
set_global_assignment -name EDA_TEST_BENCH_FILE IF_ID_tb.vhd -section_id IF_ID_tb
set_global_assignment -name EDA_TEST_BENCH_FILE EX_MEM_tb.vhd -section_id EX_MEM_tb
set_global_assignment -name EDA_TEST_BENCH_FILE ForwardingUnit_tb.vhd -section_id ForwardingUnit_tb
set_global_assignment -name EDA_TEST_BENCH_FILE HazardDetectionUnit_tb.vhd -section_id HazardDetectionUnit_tb
set_global_assignment -name EDA_TEST_BENCH_FILE LoadUseHazard_Fix_tb.vhd -section_id LoadUseHazard_Fix_tb
set_global_assignment -name EDA_TEST_BENCH_FILE mux_8x1_32bits_tb.vhd -section_id mux_8x1_32bits_tb
set_instance_assignment -name PARTITION_HIERARCHY root_partition -to | -section_id Top